
Microsoft Visual Studio Solution File, Format Version 12.00
# Visual Studio Version 17
VisualStudioVersion = 17.4.33122.133
MinimumVisualStudioVersion = 15.0.26124.0
Project("{2150E333-8FDC-42A3-9474-1A3956D46DE8}") = "src", "src", "{3CAA9D63-0806-4CB1-8C32-AA8045E1F441}"
	ProjectSection(SolutionItems) = preProject
		.editorconfig = .editorconfig
		src\Directory.Build.props = src\Directory.Build.props
		src\Directory.Build.targets = src\Directory.Build.targets
	EndProjectSection
EndProject
Project("{9A19103F-16F7-4668-BE54-9A1E7A4F7556}") = "xunit.analyzers", "src\xunit.analyzers\xunit.analyzers.csproj", "{897D042D-2C87-412F-805E-2905A1A38C83}"
EndProject
Project("{9A19103F-16F7-4668-BE54-9A1E7A4F7556}") = "xunit.analyzers.fixes", "src\xunit.analyzers.fixes\xunit.analyzers.fixes.csproj", "{B8612BA7-3EC9-4D08-82D6-ABDBF73E6BF6}"
EndProject
Project("{9A19103F-16F7-4668-BE54-9A1E7A4F7556}") = "xunit.analyzers.tests", "src\xunit.analyzers.tests\xunit.analyzers.tests.csproj", "{58C228AC-60BB-4928-AE3A-282CDD2EA912}"
EndProject
Project("{2150E333-8FDC-42A3-9474-1A3956D46DE8}") = "back-compat", "back-compat", "{2FECC9B4-D904-49ED-B312-04065BEABA39}"
EndProject
Project("{2150E333-8FDC-42A3-9474-1A3956D46DE8}") = "analyzers", "analyzers", "{6468A58D-1469-46CF-B467-B4A20D2B85D9}"
EndProject
Project("{9A19103F-16F7-4668-BE54-9A1E7A4F7556}") = "xunit.analyzers.roslyn311", "src\xunit.analyzers.roslyn311\xunit.analyzers.roslyn311.csproj", "{13521751-D0A2-4A84-B33B-69B1702A7591}"
EndProject
Project("{9A19103F-16F7-4668-BE54-9A1E7A4F7556}") = "xunit.analyzers.roslyn42", "src\xunit.analyzers.roslyn42\xunit.analyzers.roslyn42.csproj", "{43BC75E4-B83E-4D7D-9524-DD0B9B0DB2E5}"
EndProject
Project("{9A19103F-16F7-4668-BE54-9A1E7A4F7556}") = "xunit.analyzers.roslyn44", "src\xunit.analyzers.roslyn44\xunit.analyzers.roslyn44.csproj", "{A89F4654-C781-4AA4-A393-D5D96B5E0D2E}"
EndProject
Project("{9A19103F-16F7-4668-BE54-9A1E7A4F7556}") = "xunit.analyzers.roslyn46", "src\xunit.analyzers.roslyn46\xunit.analyzers.roslyn46.csproj", "{6F037C90-CC16-434F-9606-030CB964ED5C}"
EndProject
Project("{2150E333-8FDC-42A3-9474-1A3956D46DE8}") = "fixes", "fixes", "{1E750125-279C-4F03-ABF7-FD8F4800703F}"
EndProject
Project("{9A19103F-16F7-4668-BE54-9A1E7A4F7556}") = "xunit.analyzers.fixes.roslyn311", "src\xunit.analyzers.fixes.roslyn311\xunit.analyzers.fixes.roslyn311.csproj", "{A2A4B1CE-F18C-49C1-B9ED-8135A20FCABC}"
EndProject
Project("{9A19103F-16F7-4668-BE54-9A1E7A4F7556}") = "xunit.analyzers.fixes.roslyn42", "src\xunit.analyzers.fixes.roslyn42\xunit.analyzers.fixes.roslyn42.csproj", "{A99C3FF5-8516-4319-9794-3ED97416648C}"
EndProject
Project("{9A19103F-16F7-4668-BE54-9A1E7A4F7556}") = "xunit.analyzers.fixes.roslyn44", "src\xunit.analyzers.fixes.roslyn44\xunit.analyzers.fixes.roslyn44.csproj", "{7A76CBD5-79FD-4C48-8CF1-13D997C39226}"
EndProject
Project("{9A19103F-16F7-4668-BE54-9A1E7A4F7556}") = "xunit.analyzers.fixes.roslyn46", "src\xunit.analyzers.fixes.roslyn46\xunit.analyzers.fixes.roslyn46.csproj", "{2BA85D1F-069C-431E-BFC3-E4E45D1A6D53}"
EndProject
Project("{2150E333-8FDC-42A3-9474-1A3956D46DE8}") = "tests", "tests", "{4A3555C8-A35E-4990-B1DB-E86A33F07C29}"
EndProject
Project("{9A19103F-16F7-4668-BE54-9A1E7A4F7556}") = "xunit.analyzers.tests.roslyn311", "src\xunit.analyzers.tests.roslyn311\xunit.analyzers.tests.roslyn311.csproj", "{4F93916E-6CBE-4C13-8DA5-7A15B8932CCC}"
EndProject
Project("{9A19103F-16F7-4668-BE54-9A1E7A4F7556}") = "xunit.analyzers.tests.roslyn42", "src\xunit.analyzers.tests.roslyn42\xunit.analyzers.tests.roslyn42.csproj", "{1BFF7EA4-93B6-4393-A423-144C89F99EC5}"
EndProject
Project("{9A19103F-16F7-4668-BE54-9A1E7A4F7556}") = "xunit.analyzers.tests.roslyn44", "src\xunit.analyzers.tests.roslyn44\xunit.analyzers.tests.roslyn44.csproj", "{35B25ECA-F4B4-452B-9C11-5DFFB79F45EA}"
EndProject
Project("{9A19103F-16F7-4668-BE54-9A1E7A4F7556}") = "xunit.analyzers.tests.roslyn46", "src\xunit.analyzers.tests.roslyn46\xunit.analyzers.tests.roslyn46.csproj", "{39499892-5815-4619-9FAC-47410D32A305}"
EndProject
Global
	GlobalSection(SolutionConfigurationPlatforms) = preSolution
		Debug|Any CPU = Debug|Any CPU
		Release|Any CPU = Release|Any CPU
	EndGlobalSection
	GlobalSection(ProjectConfigurationPlatforms) = postSolution
		{897D042D-2C87-412F-805E-2905A1A38C83}.Debug|Any CPU.ActiveCfg = Debug|Any CPU
		{897D042D-2C87-412F-805E-2905A1A38C83}.Debug|Any CPU.Build.0 = Debug|Any CPU
		{897D042D-2C87-412F-805E-2905A1A38C83}.Release|Any CPU.ActiveCfg = Release|Any CPU
		{897D042D-2C87-412F-805E-2905A1A38C83}.Release|Any CPU.Build.0 = Release|Any CPU
		{B8612BA7-3EC9-4D08-82D6-ABDBF73E6BF6}.Debug|Any CPU.ActiveCfg = Debug|Any CPU
		{B8612BA7-3EC9-4D08-82D6-ABDBF73E6BF6}.Debug|Any CPU.Build.0 = Debug|Any CPU
		{B8612BA7-3EC9-4D08-82D6-ABDBF73E6BF6}.Release|Any CPU.ActiveCfg = Release|Any CPU
		{B8612BA7-3EC9-4D08-82D6-ABDBF73E6BF6}.Release|Any CPU.Build.0 = Release|Any CPU
		{58C228AC-60BB-4928-AE3A-282CDD2EA912}.Debug|Any CPU.ActiveCfg = Debug|Any CPU
		{58C228AC-60BB-4928-AE3A-282CDD2EA912}.Debug|Any CPU.Build.0 = Debug|Any CPU
		{58C228AC-60BB-4928-AE3A-282CDD2EA912}.Release|Any CPU.ActiveCfg = Release|Any CPU
		{58C228AC-60BB-4928-AE3A-282CDD2EA912}.Release|Any CPU.Build.0 = Release|Any CPU
		{13521751-D0A2-4A84-B33B-69B1702A7591}.Debug|Any CPU.ActiveCfg = Debug|Any CPU
		{13521751-D0A2-4A84-B33B-69B1702A7591}.Debug|Any CPU.Build.0 = Debug|Any CPU
		{13521751-D0A2-4A84-B33B-69B1702A7591}.Release|Any CPU.ActiveCfg = Debug|Any CPU
		{13521751-D0A2-4A84-B33B-69B1702A7591}.Release|Any CPU.Build.0 = Debug|Any CPU
		{43BC75E4-B83E-4D7D-9524-DD0B9B0DB2E5}.Debug|Any CPU.ActiveCfg = Debug|Any CPU
		{43BC75E4-B83E-4D7D-9524-DD0B9B0DB2E5}.Debug|Any CPU.Build.0 = Debug|Any CPU
		{43BC75E4-B83E-4D7D-9524-DD0B9B0DB2E5}.Release|Any CPU.ActiveCfg = Debug|Any CPU
		{43BC75E4-B83E-4D7D-9524-DD0B9B0DB2E5}.Release|Any CPU.Build.0 = Debug|Any CPU
		{A89F4654-C781-4AA4-A393-D5D96B5E0D2E}.Debug|Any CPU.ActiveCfg = Debug|Any CPU
		{A89F4654-C781-4AA4-A393-D5D96B5E0D2E}.Debug|Any CPU.Build.0 = Debug|Any CPU
		{A89F4654-C781-4AA4-A393-D5D96B5E0D2E}.Release|Any CPU.ActiveCfg = Debug|Any CPU
		{A89F4654-C781-4AA4-A393-D5D96B5E0D2E}.Release|Any CPU.Build.0 = Debug|Any CPU
		{6F037C90-CC16-434F-9606-030CB964ED5C}.Debug|Any CPU.ActiveCfg = Debug|Any CPU
		{6F037C90-CC16-434F-9606-030CB964ED5C}.Debug|Any CPU.Build.0 = Debug|Any CPU
		{6F037C90-CC16-434F-9606-030CB964ED5C}.Release|Any CPU.ActiveCfg = Debug|Any CPU
		{6F037C90-CC16-434F-9606-030CB964ED5C}.Release|Any CPU.Build.0 = Debug|Any CPU
		{A2A4B1CE-F18C-49C1-B9ED-8135A20FCABC}.Debug|Any CPU.ActiveCfg = Debug|Any CPU
		{A2A4B1CE-F18C-49C1-B9ED-8135A20FCABC}.Debug|Any CPU.Build.0 = Debug|Any CPU
		{A2A4B1CE-F18C-49C1-B9ED-8135A20FCABC}.Release|Any CPU.ActiveCfg = Release|Any CPU
		{A2A4B1CE-F18C-49C1-B9ED-8135A20FCABC}.Release|Any CPU.Build.0 = Release|Any CPU
		{A99C3FF5-8516-4319-9794-3ED97416648C}.Debug|Any CPU.ActiveCfg = Debug|Any CPU
		{A99C3FF5-8516-4319-9794-3ED97416648C}.Debug|Any CPU.Build.0 = Debug|Any CPU
		{A99C3FF5-8516-4319-9794-3ED97416648C}.Release|Any CPU.ActiveCfg = Release|Any CPU
		{A99C3FF5-8516-4319-9794-3ED97416648C}.Release|Any CPU.Build.0 = Release|Any CPU
		{7A76CBD5-79FD-4C48-8CF1-13D997C39226}.Debug|Any CPU.ActiveCfg = Debug|Any CPU
		{7A76CBD5-79FD-4C48-8CF1-13D997C39226}.Debug|Any CPU.Build.0 = Debug|Any CPU
		{7A76CBD5-79FD-4C48-8CF1-13D997C39226}.Release|Any CPU.ActiveCfg = Release|Any CPU
		{7A76CBD5-79FD-4C48-8CF1-13D997C39226}.Release|Any CPU.Build.0 = Release|Any CPU
		{2BA85D1F-069C-431E-BFC3-E4E45D1A6D53}.Debug|Any CPU.ActiveCfg = Debug|Any CPU
		{2BA85D1F-069C-431E-BFC3-E4E45D1A6D53}.Debug|Any CPU.Build.0 = Debug|Any CPU
		{2BA85D1F-069C-431E-BFC3-E4E45D1A6D53}.Release|Any CPU.ActiveCfg = Release|Any CPU
		{2BA85D1F-069C-431E-BFC3-E4E45D1A6D53}.Release|Any CPU.Build.0 = Release|Any CPU
		{4F93916E-6CBE-4C13-8DA5-7A15B8932CCC}.Debug|Any CPU.ActiveCfg = Debug|Any CPU
		{4F93916E-6CBE-4C13-8DA5-7A15B8932CCC}.Debug|Any CPU.Build.0 = Debug|Any CPU
		{4F93916E-6CBE-4C13-8DA5-7A15B8932CCC}.Release|Any CPU.ActiveCfg = Release|Any CPU
		{4F93916E-6CBE-4C13-8DA5-7A15B8932CCC}.Release|Any CPU.Build.0 = Release|Any CPU
		{1BFF7EA4-93B6-4393-A423-144C89F99EC5}.Debug|Any CPU.ActiveCfg = Debug|Any CPU
		{1BFF7EA4-93B6-4393-A423-144C89F99EC5}.Debug|Any CPU.Build.0 = Debug|Any CPU
		{1BFF7EA4-93B6-4393-A423-144C89F99EC5}.Release|Any CPU.ActiveCfg = Release|Any CPU
		{1BFF7EA4-93B6-4393-A423-144C89F99EC5}.Release|Any CPU.Build.0 = Release|Any CPU
		{35B25ECA-F4B4-452B-9C11-5DFFB79F45EA}.Debug|Any CPU.ActiveCfg = Debug|Any CPU
		{35B25ECA-F4B4-452B-9C11-5DFFB79F45EA}.Debug|Any CPU.Build.0 = Debug|Any CPU
		{35B25ECA-F4B4-452B-9C11-5DFFB79F45EA}.Release|Any CPU.ActiveCfg = Release|Any CPU
		{35B25ECA-F4B4-452B-9C11-5DFFB79F45EA}.Release|Any CPU.Build.0 = Release|Any CPU
		{39499892-5815-4619-9FAC-47410D32A305}.Debug|Any CPU.ActiveCfg = Debug|Any CPU
		{39499892-5815-4619-9FAC-47410D32A305}.Debug|Any CPU.Build.0 = Debug|Any CPU
		{39499892-5815-4619-9FAC-47410D32A305}.Release|Any CPU.ActiveCfg = Release|Any CPU
		{39499892-5815-4619-9FAC-47410D32A305}.Release|Any CPU.Build.0 = Release|Any CPU
	EndGlobalSection
	GlobalSection(SolutionProperties) = preSolution
		HideSolutionNode = FALSE
	EndGlobalSection
	GlobalSection(NestedProjects) = preSolution
		{897D042D-2C87-412F-805E-2905A1A38C83} = {3CAA9D63-0806-4CB1-8C32-AA8045E1F441}
		{B8612BA7-3EC9-4D08-82D6-ABDBF73E6BF6} = {3CAA9D63-0806-4CB1-8C32-AA8045E1F441}
		{58C228AC-60BB-4928-AE3A-282CDD2EA912} = {3CAA9D63-0806-4CB1-8C32-AA8045E1F441}
		{2FECC9B4-D904-49ED-B312-04065BEABA39} = {3CAA9D63-0806-4CB1-8C32-AA8045E1F441}
		{6468A58D-1469-46CF-B467-B4A20D2B85D9} = {2FECC9B4-D904-49ED-B312-04065BEABA39}
		{13521751-D0A2-4A84-B33B-69B1702A7591} = {6468A58D-1469-46CF-B467-B4A20D2B85D9}
		{43BC75E4-B83E-4D7D-9524-DD0B9B0DB2E5} = {6468A58D-1469-46CF-B467-B4A20D2B85D9}
		{A89F4654-C781-4AA4-A393-D5D96B5E0D2E} = {6468A58D-1469-46CF-B467-B4A20D2B85D9}
		{6F037C90-CC16-434F-9606-030CB964ED5C} = {6468A58D-1469-46CF-B467-B4A20D2B85D9}
		{1E750125-279C-4F03-ABF7-FD8F4800703F} = {2FECC9B4-D904-49ED-B312-04065BEABA39}
		{A2A4B1CE-F18C-49C1-B9ED-8135A20FCABC} = {1E750125-279C-4F03-ABF7-FD8F4800703F}
		{A99C3FF5-8516-4319-9794-3ED97416648C} = {1E750125-279C-4F03-ABF7-FD8F4800703F}
		{7A76CBD5-79FD-4C48-8CF1-13D997C39226} = {1E750125-279C-4F03-ABF7-FD8F4800703F}
		{2BA85D1F-069C-431E-BFC3-E4E45D1A6D53} = {1E750125-279C-4F03-ABF7-FD8F4800703F}
		{4A3555C8-A35E-4990-B1DB-E86A33F07C29} = {2FECC9B4-D904-49ED-B312-04065BEABA39}
		{4F93916E-6CBE-4C13-8DA5-7A15B8932CCC} = {4A3555C8-A35E-4990-B1DB-E86A33F07C29}
		{1BFF7EA4-93B6-4393-A423-144C89F99EC5} = {4A3555C8-A35E-4990-B1DB-E86A33F07C29}
		{35B25ECA-F4B4-452B-9C11-5DFFB79F45EA} = {4A3555C8-A35E-4990-B1DB-E86A33F07C29}
		{39499892-5815-4619-9FAC-47410D32A305} = {4A3555C8-A35E-4990-B1DB-E86A33F07C29}
	EndGlobalSection
	GlobalSection(ExtensibilityGlobals) = postSolution
		SolutionGuid = {601643AE-7617-4470-841B-56F1E8356D87}
	EndGlobalSection
EndGlobal
